PODS:
  - contact_permission (0.0.1):
    - Flutter
  - Flutter (1.0.0)

DEPENDENCIES:
  - contact_permission (from `.symlinks/plugins/contact_permission/ios`)
  - Flutter (from `Flutter`)

EXTERNAL SOURCES:
  contact_permission:
    :path: ".symlinks/plugins/contact_permission/ios"
  Flutter:
    :path: Flutter

SPEC CHECKSUMS:
  contact_permission: 2ff880354bb4c2c476d42504e68e6ab4cc7a51a3
  Flutter: f04841e97a9d0b0a8025694d0796dd46242b2854

PODFILE CHECKSUM: ef19549a9bc3046e7bb7d2fab4d021637c0c58a3

COCOAPODS: 1.11.3
